// !$*UTF8*$!
{
	archiveVersion = 1;
	classes = {
	};
	objectVersion = 46;
	objects = {

/* Begin PBXBuildFile section */
		111FB82E17E7DC1700CDBAF0 /* cards.png in Resources */ = {isa = PBXBuildFile; fileRef = 111FB82A17E7DC1700CDBAF0 /* cards.png */; };
		111FB82F17E7DC1700CDBAF0 /* cards.xml in Resources */ = {isa = PBXBuildFile; fileRef = 111FB82B17E7DC1700CDBAF0 /* cards.xml */; };
		111FB83017E7DC1700CDBAF0 /* ui.png in Resources */ = {isa = PBXBuildFile; fileRef = 111FB82C17E7DC1700CDBAF0 /* ui.png */; };
		111FB83117E7DC1700CDBAF0 /* ui.xml in Resources */ = {isa = PBXBuildFile; fileRef = 111FB82D17E7DC1700CDBAF0 /* ui.xml */; };
		1122E391181E1C69000F4E89 /* scroll.png in Resources */ = {isa = PBXBuildFile; fileRef = 1122E390181E1C69000F4E89 /* scroll.png */; };
		1122E394181E25C8000F4E89 /* looser.png in Resources */ = {isa = PBXBuildFile; fileRef = 1122E392181E25C8000F4E89 /* looser.png */; };
		1122E395181E25C8000F4E89 /* winner.png in Resources */ = {isa = PBXBuildFile; fileRef = 1122E393181E25C8000F4E89 /* winner.png */; };
		1122E397181E2D2B000F4E89 /* draw.png in Resources */ = {isa = PBXBuildFile; fileRef = 1122E396181E2D2B000F4E89 /* draw.png */; };
		112EE3F517FCF62000C495D3 /* SXSimpleClippedImage.m in Sources */ = {isa = PBXBuildFile; fileRef = 112EE3F417FCF62000C495D3 /* SXSimpleClippedImage.m */; };
		112EE3F817FD07DD00C495D3 /* background.png in Resources */ = {isa = PBXBuildFile; fileRef = 112EE3F717FD07DD00C495D3 /* background.png */; };
		11312106180F770400A332E7 /* chain and lock.png in Resources */ = {isa = PBXBuildFile; fileRef = 11312105180F770400A332E7 /* chain and lock.png */; };
		11360DEE181AC54B00E797B6 /* fire.pex in Resources */ = {isa = PBXBuildFile; fileRef = 11360DED181AC54B00E797B6 /* fire.pex */; };
		113F4D34181130E400067720 /* SXParticleSystem.m in Sources */ = {isa = PBXBuildFile; fileRef = 113F4D33181130E400067720 /* SXParticleSystem.m */; };
		1154D1C017E93BBE00A3EC2B /* SHPolygon.m in Sources */ = {isa = PBXBuildFile; fileRef = 1154D1BD17E93BBE00A3EC2B /* SHPolygon.m */; };
		1154D1C117E93BBE00A3EC2B /* SHPolygonImage.m in Sources */ = {isa = PBXBuildFile; fileRef = 1154D1BF17E93BBE00A3EC2B /* SHPolygonImage.m */; };
		1154D1C517E93BCC00A3EC2B /* SXGauge.m in Sources */ = {isa = PBXBuildFile; fileRef = 1154D1C417E93BCC00A3EC2B /* SXGauge.m */; };
		116270F418242C5100E2B267 /* card.caf in Resources */ = {isa = PBXBuildFile; fileRef = 116270EC18242C5100E2B267 /* card.caf */; };
		116270F518242C5100E2B267 /* damageO.caf in Resources */ = {isa = PBXBuildFile; fileRef = 116270ED18242C5100E2B267 /* damageO.caf */; };
		116270F618242C5100E2B267 /* resb_downO.caf in Resources */ = {isa = PBXBuildFile; fileRef = 116270EE18242C5100E2B267 /* resb_downO.caf */; };
		116270F718242C5100E2B267 /* resb_upO.caf in Resources */ = {isa = PBXBuildFile; fileRef = 116270EF18242C5100E2B267 /* resb_upO.caf */; };
		116270F818242C5100E2B267 /* ress_downO.caf in Resources */ = {isa = PBXBuildFile; fileRef = 116270F018242C5100E2B267 /* ress_downO.caf */; };
		116270F918242C5100E2B267 /* ress_upO.caf in Resources */ = {isa = PBXBuildFile; fileRef = 116270F118242C5100E2B267 /* ress_upO.caf */; };
		116270FA18242C5100E2B267 /* tower_upO.caf in Resources */ = {isa = PBXBuildFile; fileRef = 116270F218242C5100E2B267 /* tower_upO.caf */; };
		116270FB18242C5100E2B267 /* wall_upO.caf in Resources */ = {isa = PBXBuildFile; fileRef = 116270F318242C5100E2B267 /* wall_upO.caf */; };
		1163610818316F520028FD28 /* arcomage.plist in Resources */ = {isa = PBXBuildFile; fileRef = 1163610718316F520028FD28 /* arcomage.plist */; };
		1163610C183171270028FD28 /* rules.plist in Resources */ = {isa = PBXBuildFile; fileRef = 1163610B183171270028FD28 /* rules.plist */; };
		11722F5317C636BF00014D16 /* libSparrow.a in Frameworks */ = {isa = PBXBuildFile; fileRef = 11722F4F17C635EE00014D16 /* libSparrow.a */; };
		11722F5517C636CB00014D16 /* libz.dylib in Frameworks */ = {isa = PBXBuildFile; fileRef = 11722F5417C636CB00014D16 /* libz.dylib */; };
		11722F5717C636DA00014D16 /* GLKit.framework in Frameworks */ = {isa = PBXBuildFile; fileRef = 11722F5617C636DA00014D16 /* GLKit.framework */; };
		11722F5917C6382D00014D16 /* OpenGLES.framework in Frameworks */ = {isa = PBXBuildFile; fileRef = 11722F5817C6382D00014D16 /* OpenGLES.framework */; };
		11722F5B17C6383A00014D16 /* QuartzCore.framework in Frameworks */ = {isa = PBXBuildFile; fileRef = 11722F5A17C6383A00014D16 /* QuartzCore.framework */; };
		11722F5D17C6384C00014D16 /* AVFoundation.framework in Frameworks */ = {isa = PBXBuildFile; fileRef = 11722F5C17C6384C00014D16 /* AVFoundation.framework */; };
		11722F5F17C6385700014D16 /* AudioToolbox.framework in Frameworks */ = {isa = PBXBuildFile; fileRef = 11722F5E17C6385700014D16 /* AudioToolbox.framework */; };
		11722F6117C6386400014D16 /* OpenAL.framework in Frameworks */ = {isa = PBXBuildFile; fileRef = 11722F6017C6386400014D16 /* OpenAL.framework */; };
		11722F6B17C640CC00014D16 /* OMedia.m in Sources */ = {isa = PBXBuildFile; fileRef = 11722F6A17C640CC00014D16 /* OMedia.m */; };
		118C175D1828469600230218 /* card bottom.png in Resources */ = {isa = PBXBuildFile; fileRef = 118C175C1828469500230218 /* card bottom.png */; };
		118E688617C74BD8007801CD /* OStats.m in Sources */ = {isa = PBXBuildFile; fileRef = 118E688517C74BD8007801CD /* OStats.m */; };
		1195D17B17C25F5E00C4DA25 /* UIKit.framework in Frameworks */ = {isa = PBXBuildFile; fileRef = 1195D17A17C25F5E00C4DA25 /* UIKit.framework */; };
		1195D17D17C25F5E00C4DA25 /* Foundation.framework in Frameworks */ = {isa = PBXBuildFile; fileRef = 1195D17C17C25F5E00C4DA25 /* Foundation.framework */; };
		1195D17F17C25F5E00C4DA25 /* CoreGraphics.framework in Frameworks */ = {isa = PBXBuildFile; fileRef = 1195D17E17C25F5E00C4DA25 /* CoreGraphics.framework */; };
		1195D18517C25F5E00C4DA25 /* InfoPlist.strings in Resources */ = {isa = PBXBuildFile; fileRef = 1195D18317C25F5E00C4DA25 /* InfoPlist.strings */; };
		1195D18717C25F5E00C4DA25 /* main.m in Sources */ = {isa = PBXBuildFile; fileRef = 1195D18617C25F5E00C4DA25 /* main.m */; };
		1195D18B17C25F5E00C4DA25 /* AppDelegate.m in Sources */ = {isa = PBXBuildFile; fileRef = 1195D18A17C25F5E00C4DA25 /* AppDelegate.m */; };
		1195D18D17C25F5E00C4DA25 /* Default.png in Resources */ = {isa = PBXBuildFile; fileRef = 1195D18C17C25F5E00C4DA25 /* Default.png */; };
		1195D18F17C25F5E00C4DA25 /* Default@2x.png in Resources */ = {isa = PBXBuildFile; fileRef = 1195D18E17C25F5E00C4DA25 /* Default@2x.png */; };
		1195D19117C25F5E00C4DA25 /* Default-568h@2x.png in Resources */ = {isa = PBXBuildFile; fileRef = 1195D19017C25F5E00C4DA25 /* Default-568h@2x.png */; };
		1195D19917C25F5E00C4DA25 /* SenTestingKit.framework in Frameworks */ = {isa = PBXBuildFile; fileRef = 1195D19817C25F5E00C4DA25 /* SenTestingKit.framework */; };
		1195D19A17C25F5E00C4DA25 /* UIKit.framework in Frameworks */ = {isa = PBXBuildFile; fileRef = 1195D17A17C25F5E00C4DA25 /* UIKit.framework */; };
		1195D19B17C25F5E00C4DA25 /* Foundation.framework in Frameworks */ = {isa = PBXBuildFile; fileRef = 1195D17C17C25F5E00C4DA25 /* Foundation.framework */; };
		1195D1A317C25F5F00C4DA25 /* InfoPlist.strings in Resources */ = {isa = PBXBuildFile; fileRef = 1195D1A117C25F5F00C4DA25 /* InfoPlist.strings */; };
		1195D1A617C25F5F00C4DA25 /* OmeotteTests.m in Sources */ = {isa = PBXBuildFile; fileRef = 1195D1A517C25F5F00C4DA25 /* OmeotteTests.m */; };
		1195D28817C2728700C4DA25 /* OPlayer.m in Sources */ = {isa = PBXBuildFile; fileRef = 1195D28717C2728700C4DA25 /* OPlayer.m */; };
		1195D28E17C272B600C4DA25 /* OCard.m in Sources */ = {isa = PBXBuildFile; fileRef = 1195D28D17C272B600C4DA25 /* OCard.m */; };
		1195D29117C2772700C4DA25 /* ODeck.m in Sources */ = {isa = PBXBuildFile; fileRef = 1195D29017C2772700C4DA25 /* ODeck.m */; };
		11D36F8718098E3E00897552 /* OFx.m in Sources */ = {isa = PBXBuildFile; fileRef = 11D36F8618098E3E00897552 /* OFx.m */; };
		11D5CF5A17C32F6A00AA96BC /* ORule.m in Sources */ = {isa = PBXBuildFile; fileRef = 11D5CF5917C32F6A00AA96BC /* ORule.m */; };
		11D8A3F1182A2CF6000428AE /* battle1.caf in Resources */ = {isa = PBXBuildFile; fileRef = 11D8A3EE182A2CF6000428AE /* battle1.caf */; };
		11D8A3F2182A2CF6000428AE /* battle2.caf in Resources */ = {isa = PBXBuildFile; fileRef = 11D8A3EF182A2CF6000428AE /* battle2.caf */; };
		11D8A3F3182A2CF6000428AE /* menu.caf in Resources */ = {isa = PBXBuildFile; fileRef = 11D8A3F0182A2CF6000428AE /* menu.caf */; };
		11FB95E918243494009D5552 /* defeat.caf in Resources */ = {isa = PBXBuildFile; fileRef = 11FB95E718243494009D5552 /* defeat.caf */; };
		11FB95EA18243494009D5552 /* victory.caf in Resources */ = {isa = PBXBuildFile; fileRef = 11FB95E818243494009D5552 /* victory.caf */; };
		11FE27EA1803B1E600159D4A /* Kingthings_Calligraphica.fnt in Resources */ = {isa = PBXBuildFile; fileRef = 11FE27E61803B1E600159D4A /* Kingthings_Calligraphica.fnt */; };
		11FE27EB1803B1E600159D4A /* Kingthings_Calligraphica_0.png in Resources */ = {isa = PBXBuildFile; fileRef = 11FE27E71803B1E600159D4A /* Kingthings_Calligraphica_0.png */; };
		11FE27EC1803B1E600159D4A /* Kingthings_Exeter.fnt in Resources */ = {isa = PBXBuildFile; fileRef = 11FE27E81803B1E600159D4A /* Kingthings_Exeter.fnt */; };
		11FE27ED1803B1E600159D4A /* Kingthings_Exeter_0.png in Resources */ = {isa = PBXBuildFile; fileRef = 11FE27E91803B1E600159D4A /* Kingthings_Exeter_0.png */; };
		58CFCC7818773893000098E5 /* CardTestScene.m in Sources */ = {isa = PBXBuildFile; fileRef = 58CFCC7318773893000098E5 /* CardTestScene.m */; };
		58CFCC7918773893000098E5 /* OBattleScene.m in Sources */ = {isa = PBXBuildFile; fileRef = 58CFCC7518773893000098E5 /* OBattleScene.m */; };
		58CFCC7A18773893000098E5 /* OMenuScene.m in Sources */ = {isa = PBXBuildFile; fileRef = 58CFCC7718773893000098E5 /* OMenuScene.m */; };
		58CFCC84187738F9000098E5 /* OButtonTextureUI.m in Sources */ = {isa = PBXBuildFile; fileRef = 58CFCC7D187738F9000098E5 /* OButtonTextureUI.m */; };
		58CFCC85187738F9000098E5 /* ODeckAndGraveyardUI.m in Sources */ = {isa = PBXBuildFile; fileRef = 58CFCC7F187738F9000098E5 /* ODeckAndGraveyardUI.m */; };
		58CFCC86187738F9000098E5 /* OHealthUI.m in Sources */ = {isa = PBXBuildFile; fileRef = 58CFCC81187738F9000098E5 /* OHealthUI.m */; };
		58CFCC87187738F9000098E5 /* OResourcesUI.m in Sources */ = {isa = PBXBuildFile; fileRef = 58CFCC83187738F9000098E5 /* OResourcesUI.m */; };
		58CFCC8B1877397C000098E5 /* OCardUI.m in Sources */ = {isa = PBXBuildFile; fileRef = 58CFCC8A1877397C000098E5 /* OCardUI.m */; };
		58CFCC8E187739BC000098E5 /* OGame.m in Sources */ = {isa = PBXBuildFile; fileRef = 58CFCC8D187739BC000098E5 /* OGame.m */; };
/* End PBXBuildFile section */

/* Begin PBXContainerItemProxy section */
		11722F4E17C635EE00014D16 /* PBXContainerItemProxy */ = {
			isa = PBXContainerItemProxy;
			containerPortal = 11722F4917C635EE00014D16 /* Sparrow.xcodeproj */;
			proxyType = 2;
			remoteGlobalIDString = DEFE4BC2101B317600E22471;
			remoteInfo = Sparrow;
		};
		11722F5017C635EE00014D16 /* PBXContainerItemProxy */ = {
			isa = PBXContainerItemProxy;
			containerPortal = 11722F4917C635EE00014D16 /* Sparrow.xcodeproj */;
			proxyType = 2;
			remoteGlobalIDString = DEEA9335101E32A30071DD21;
			remoteInfo = UnitTests;
		};
		1195D19C17C25F5E00C4DA25 /* PBXContainerItemProxy */ = {
			isa = PBXContainerItemProxy;
			containerPortal = 1195D16F17C25F5E00C4DA25 /* Project object */;
			proxyType = 1;
			remoteGlobalIDString = 1195D17617C25F5E00C4DA25;
			remoteInfo = Omeotte;
		};
/* End PBXContainerItemProxy section */

/* Begin PBXFileReference section */
		111FB82A17E7DC1700CDBAF0 /* cards.png */ = {isa = PBXFileReference; lastKnownFileType = image.png; path = cards.png; sourceTree = "<group>"; };
		111FB82B17E7DC1700CDBAF0 /* cards.xml */ = {isa = PBXFileReference; fileEncoding = 4; lastKnownFileType = text.xml; path = cards.xml; sourceTree = "<group>"; };
		111FB82C17E7DC1700CDBAF0 /* ui.png */ = {isa = PBXFileReference; lastKnownFileType = image.png; path = ui.png; sourceTree = "<group>"; };
		111FB82D17E7DC1700CDBAF0 /* ui.xml */ = {isa = PBXFileReference; fileEncoding = 4; lastKnownFileType = text.xml; path = ui.xml; sourceTree = "<group>"; };
		1122E390181E1C69000F4E89 /* scroll.png */ = {isa = PBXFileReference; lastKnownFileType = image.png; path = scroll.png; sourceTree = "<group>"; };
		1122E392181E25C8000F4E89 /* looser.png */ = {isa = PBXFileReference; lastKnownFileType = image.png; path = looser.png; sourceTree = "<group>"; };
		1122E393181E25C8000F4E89 /* winner.png */ = {isa = PBXFileReference; lastKnownFileType = image.png; path = winner.png; sourceTree = "<group>"; };
		1122E396181E2D2B000F4E89 /* draw.png */ = {isa = PBXFileReference; lastKnownFileType = image.png; path = draw.png; sourceTree = "<group>"; };
		112EE3F317FCF62000C495D3 /* SXSimpleClippedImage.h */ = {isa = PBXFileReference; fileEncoding = 4; lastKnownFileType = sourcecode.c.h; path = SXSimpleClippedImage.h; sourceTree = "<group>"; };
		112EE3F417FCF62000C495D3 /* SXSimpleClippedImage.m */ = {isa = PBXFileReference; fileEncoding = 4; lastKnownFileType = sourcecode.c.objc; path = SXSimpleClippedImage.m; sourceTree = "<group>"; };
		112EE3F717FD07DD00C495D3 /* background.png */ = {isa = PBXFileReference; lastKnownFileType = image.png; path = background.png; sourceTree = "<group>"; };
		11306C7E17D6BE0200156E78 /* Omeotte.h */ = {isa = PBXFileReference; fileEncoding = 4; lastKnownFileType = sourcecode.c.h; path = Omeotte.h; sourceTree = "<group>"; };
		11312105180F770400A332E7 /* chain and lock.png */ = {isa = PBXFileReference; lastKnownFileType = image.png; path = "chain and lock.png"; sourceTree = "<group>"; };
		11360DED181AC54B00E797B6 /* fire.pex */ = {isa = PBXFileReference; fileEncoding = 4; lastKnownFileType = text.xml; path = fire.pex; sourceTree = "<group>"; };
		113F4D32181130E400067720 /* SXParticleSystem.h */ = {isa = PBXFileReference; fileEncoding = 4; lastKnownFileType = sourcecode.c.h; path = SXParticleSystem.h; sourceTree = "<group>"; };
		113F4D33181130E400067720 /* SXParticleSystem.m */ = {isa = PBXFileReference; fileEncoding = 4; lastKnownFileType = sourcecode.c.objc; path = SXParticleSystem.m; sourceTree = "<group>"; };
		1154D1BC17E93BBE00A3EC2B /* SHPolygon.h */ = {isa = PBXFileReference; fileEncoding = 4; lastKnownFileType = sourcecode.c.h; path = SHPolygon.h; sourceTree = "<group>"; };
		1154D1BD17E93BBE00A3EC2B /* SHPolygon.m */ = {isa = PBXFileReference; fileEncoding = 4; lastKnownFileType = sourcecode.c.objc; path = SHPolygon.m; sourceTree = "<group>"; };
		1154D1BE17E93BBE00A3EC2B /* SHPolygonImage.h */ = {isa = PBXFileReference; fileEncoding = 4; lastKnownFileType = sourcecode.c.h; path = SHPolygonImage.h; sourceTree = "<group>"; };
		1154D1BF17E93BBE00A3EC2B /* SHPolygonImage.m */ = {isa = PBXFileReference; fileEncoding = 4; lastKnownFileType = sourcecode.c.objc; path = SHPolygonImage.m; sourceTree = "<group>"; };
		1154D1C317E93BCC00A3EC2B /* SXGauge.h */ = {isa = PBXFileReference; fileEncoding = 4; lastKnownFileType = sourcecode.c.h; path = SXGauge.h; sourceTree = "<group>"; };
		1154D1C417E93BCC00A3EC2B /* SXGauge.m */ = {isa = PBXFileReference; fileEncoding = 4; lastKnownFileType = sourcecode.c.objc; path = SXGauge.m; sourceTree = "<group>"; };
		116270E718242A2000E2B267 /* CoreFoundation.framework */ = {isa = PBXFileReference; lastKnownFileType = wrapper.framework; name = CoreFoundation.framework; path = System/Library/Frameworks/CoreFoundation.framework; sourceTree = SDKROOT; };
		116270E918242A2700E2B267 /* Security.framework */ = {isa = PBXFileReference; lastKnownFileType = wrapper.framework; name = Security.framework; path = System/Library/Frameworks/Security.framework; sourceTree = SDKROOT; };
		116270EC18242C5100E2B267 /* card.caf */ = {isa = PBXFileReference; lastKnownFileType = file; path = card.caf; sourceTree = "<group>"; };
		116270ED18242C5100E2B267 /* damageO.caf */ = {isa = PBXFileReference; lastKnownFileType = file; path = damageO.caf; sourceTree = "<group>"; };
		116270EE18242C5100E2B267 /* resb_downO.caf */ = {isa = PBXFileReference; lastKnownFileType = file; path = resb_downO.caf; sourceTree = "<group>"; };
		116270EF18242C5100E2B267 /* resb_upO.caf */ = {isa = PBXFileReference; lastKnownFileType = file; path = resb_upO.caf; sourceTree = "<group>"; };
		116270F018242C5100E2B267 /* ress_downO.caf */ = {isa = PBXFileReference; lastKnownFileType = file; path = ress_downO.caf; sourceTree = "<group>"; };
		116270F118242C5100E2B267 /* ress_upO.caf */ = {isa = PBXFileReference; lastKnownFileType = file; path = ress_upO.caf; sourceTree = "<group>"; };
		116270F218242C5100E2B267 /* tower_upO.caf */ = {isa = PBXFileReference; lastKnownFileType = file; path = tower_upO.caf; sourceTree = "<group>"; };
		116270F318242C5100E2B267 /* wall_upO.caf */ = {isa = PBXFileReference; lastKnownFileType = file; path = wall_upO.caf; sourceTree = "<group>"; };
		1163610718316F520028FD28 /* arcomage.plist */ = {isa = PBXFileReference; fileEncoding = 4; lastKnownFileType = text.plist.xml; path = arcomage.plist; sourceTree = "<group>"; };
		1163610B183171270028FD28 /* rules.plist */ = {isa = PBXFileReference; fileEncoding = 4; lastKnownFileType = text.plist.xml; path = rules.plist; sourceTree = "<group>"; };
		11722F4917C635EE00014D16 /* Sparrow.xcodeproj */ = {isa = PBXFileReference; lastKnownFileType = "wrapper.pb-project"; name = Sparrow.xcodeproj; path = "../Sparrow-Framework/sparrow/src/Sparrow.xcodeproj"; sourceTree = "<group>"; };
		11722F5417C636CB00014D16 /* libz.dylib */ = {isa = PBXFileReference; lastKnownFileType = "compiled.mach-o.dylib"; name = libz.dylib; path = usr/lib/libz.dylib; sourceTree = SDKROOT; };
		11722F5617C636DA00014D16 /* GLKit.framework */ = {isa = PBXFileReference; lastKnownFileType = wrapper.framework; name = GLKit.framework; path = System/Library/Frameworks/GLKit.framework; sourceTree = SDKROOT; };
		11722F5817C6382D00014D16 /* OpenGLES.framework */ = {isa = PBXFileReference; lastKnownFileType = wrapper.framework; name = OpenGLES.framework; path = System/Library/Frameworks/OpenGLES.framework; sourceTree = SDKROOT; };
		11722F5A17C6383A00014D16 /* QuartzCore.framework */ = {isa = PBXFileReference; lastKnownFileType = wrapper.framework; name = QuartzCore.framework; path = System/Library/Frameworks/QuartzCore.framework; sourceTree = SDKROOT; };
		11722F5C17C6384C00014D16 /* AVFoundation.framework */ = {isa = PBXFileReference; lastKnownFileType = wrapper.framework; name = AVFoundation.framework; path = System/Library/Frameworks/AVFoundation.framework; sourceTree = SDKROOT; };
		11722F5E17C6385700014D16 /* AudioToolbox.framework */ = {isa = PBXFileReference; lastKnownFileType = wrapper.framework; name = AudioToolbox.framework; path = System/Library/Frameworks/AudioToolbox.framework; sourceTree = SDKROOT; };
		11722F6017C6386400014D16 /* OpenAL.framework */ = {isa = PBXFileReference; lastKnownFileType = wrapper.framework; name = OpenAL.framework; path = System/Library/Frameworks/OpenAL.framework; sourceTree = SDKROOT; };
		11722F6917C640CC00014D16 /* OMedia.h */ = {isa = PBXFileReference; fileEncoding = 4; lastKnownFileType = sourcecode.c.h; path = OMedia.h; sourceTree = "<group>"; };
		11722F6A17C640CC00014D16 /* OMedia.m */ = {isa = PBXFileReference; fileEncoding = 4; lastKnownFileType = sourcecode.c.objc; path = OMedia.m; sourceTree = "<group>"; };
		118C175C1828469500230218 /* card bottom.png */ = {isa = PBXFileReference; lastKnownFileType = image.png; path = "card bottom.png"; sourceTree = "<group>"; };
		118E688417C74BD8007801CD /* OStats.h */ = {isa = PBXFileReference; fileEncoding = 4; lastKnownFileType = sourcecode.c.h; path = OStats.h; sourceTree = "<group>"; };
		118E688517C74BD8007801CD /* OStats.m */ = {isa = PBXFileReference; fileEncoding = 4; lastKnownFileType = sourcecode.c.objc; path = OStats.m; sourceTree = "<group>"; };
		1195D17717C25F5E00C4DA25 /* Omeotte.app */ = {isa = PBXFileReference; explicitFileType = wrapper.application; includeInIndex = 0; path = Omeotte.app; sourceTree = BUILT_PRODUCTS_DIR; };
		1195D17A17C25F5E00C4DA25 /* UIKit.framework */ = {isa = PBXFileReference; lastKnownFileType = wrapper.framework; name = UIKit.framework; path = System/Library/Frameworks/UIKit.framework; sourceTree = SDKROOT; };
		1195D17C17C25F5E00C4DA25 /* Foundation.framework */ = {isa = PBXFileReference; lastKnownFileType = wrapper.framework; name = Foundation.framework; path = System/Library/Frameworks/Foundation.framework; sourceTree = SDKROOT; };
		1195D17E17C25F5E00C4DA25 /* CoreGraphics.framework */ = {isa = PBXFileReference; lastKnownFileType = wrapper.framework; name = CoreGraphics.framework; path = System/Library/Frameworks/CoreGraphics.framework; sourceTree = SDKROOT; };
		1195D18217C25F5E00C4DA25 /* Omeotte-Info.plist */ = {isa = PBXFileReference; lastKnownFileType = text.plist.xml; path = "Omeotte-Info.plist"; sourceTree = "<group>"; };
		1195D18417C25F5E00C4DA25 /* en */ = {isa = PBXFileReference; lastKnownFileType = text.plist.strings; name = en; path = en.lproj/InfoPlist.strings; sourceTree = "<group>"; };
		1195D18617C25F5E00C4DA25 /* main.m */ = {isa = PBXFileReference; lastKnownFileType = sourcecode.c.objc; path = main.m; sourceTree = "<group>"; };
		1195D18817C25F5E00C4DA25 /* Omeotte-Prefix.pch */ = {isa = PBXFileReference; lastKnownFileType = sourcecode.c.h; path = "Omeotte-Prefix.pch"; sourceTree = "<group>"; };
		1195D18917C25F5E00C4DA25 /* AppDelegate.h */ = {isa = PBXFileReference; lastKnownFileType = sourcecode.c.h; path = AppDelegate.h; sourceTree = "<group>"; };
		1195D18A17C25F5E00C4DA25 /* AppDelegate.m */ = {isa = PBXFileReference; lastKnownFileType = sourcecode.c.objc; path = AppDelegate.m; sourceTree = "<group>"; };
		1195D18C17C25F5E00C4DA25 /* Default.png */ = {isa = PBXFileReference; lastKnownFileType = image.png; path = Default.png; sourceTree = "<group>"; };
		1195D18E17C25F5E00C4DA25 /* Default@2x.png */ = {isa = PBXFileReference; lastKnownFileType = image.png; path = "Default@2x.png"; sourceTree = "<group>"; };
		1195D19017C25F5E00C4DA25 /* Default-568h@2x.png */ = {isa = PBXFileReference; lastKnownFileType = image.png; path = "Default-568h@2x.png"; sourceTree = "<group>"; };
		1195D19717C25F5E00C4DA25 /* OmeotteTests.octest */ = {isa = PBXFileReference; explicitFileType = wrapper.cfbundle; includeInIndex = 0; path = OmeotteTests.octest; sourceTree = BUILT_PRODUCTS_DIR; };
		1195D19817C25F5E00C4DA25 /* SenTestingKit.framework */ = {isa = PBXFileReference; lastKnownFileType = wrapper.framework; name = SenTestingKit.framework; path = Library/Frameworks/SenTestingKit.framework; sourceTree = DEVELOPER_DIR; };
		1195D1A017C25F5E00C4DA25 /* OmeotteTests-Info.plist */ = {isa = PBXFileReference; lastKnownFileType = text.plist.xml; path = "OmeotteTests-Info.plist"; sourceTree = "<group>"; };
		1195D1A217C25F5F00C4DA25 /* en */ = {isa = PBXFileReference; lastKnownFileType = text.plist.strings; name = en; path = en.lproj/InfoPlist.strings; sourceTree = "<group>"; };
		1195D1A417C25F5F00C4DA25 /* OmeotteTests.h */ = {isa = PBXFileReference; lastKnownFileType = sourcecode.c.h; path = OmeotteTests.h; sourceTree = "<group>"; };
		1195D1A517C25F5F00C4DA25 /* OmeotteTests.m */ = {isa = PBXFileReference; lastKnownFileType = sourcecode.c.objc; path = OmeotteTests.m; sourceTree = "<group>"; };
		1195D28617C2728700C4DA25 /* OPlayer.h */ = {isa = PBXFileReference; fileEncoding = 4; lastKnownFileType = sourcecode.c.h; path = OPlayer.h; sourceTree = "<group>"; };
		1195D28717C2728700C4DA25 /* OPlayer.m */ = {isa = PBXFileReference; fileEncoding = 4; lastKnownFileType = sourcecode.c.objc; path = OPlayer.m; sourceTree = "<group>"; };
		1195D28C17C272B600C4DA25 /* OCard.h */ = {isa = PBXFileReference; fileEncoding = 4; lastKnownFileType = sourcecode.c.h; path = OCard.h; sourceTree = "<group>"; };
		1195D28D17C272B600C4DA25 /* OCard.m */ = {isa = PBXFileReference; fileEncoding = 4; lastKnownFileType = sourcecode.c.objc; path = OCard.m; sourceTree = "<group>"; };
		1195D28F17C2772700C4DA25 /* ODeck.h */ = {isa = PBXFileReference; fileEncoding = 4; lastKnownFileType = sourcecode.c.h; path = ODeck.h; sourceTree = "<group>"; };
		1195D29017C2772700C4DA25 /* ODeck.m */ = {isa = PBXFileReference; fileEncoding = 4; lastKnownFileType = sourcecode.c.objc; path = ODeck.m; sourceTree = "<group>"; };
		11D36F8518098E3E00897552 /* OFx.h */ = {isa = PBXFileReference; fileEncoding = 4; lastKnownFileType = sourcecode.c.h; path = OFx.h; sourceTree = "<group>"; };
		11D36F8618098E3E00897552 /* OFx.m */ = {isa = PBXFileReference; fileEncoding = 4; lastKnownFileType = sourcecode.c.objc; path = OFx.m; sourceTree = "<group>"; };
		11D5CF5817C32F6900AA96BC /* ORule.h */ = {isa = PBXFileReference; fileEncoding = 4; lastKnownFileType = sourcecode.c.h; path = ORule.h; sourceTree = "<group>"; };
		11D5CF5917C32F6A00AA96BC /* ORule.m */ = {isa = PBXFileReference; fileEncoding = 4; lastKnownFileType = sourcecode.c.objc; path = ORule.m; sourceTree = "<group>"; };
		11D8A3EE182A2CF6000428AE /* battle1.caf */ = {isa = PBXFileReference; lastKnownFileType = file; path = battle1.caf; sourceTree = "<group>"; };
		11D8A3EF182A2CF6000428AE /* battle2.caf */ = {isa = PBXFileReference; lastKnownFileType = file; path = battle2.caf; sourceTree = "<group>"; };
		11D8A3F0182A2CF6000428AE /* menu.caf */ = {isa = PBXFileReference; lastKnownFileType = file; path = menu.caf; sourceTree = "<group>"; };
		11FB95E718243494009D5552 /* defeat.caf */ = {isa = PBXFileReference; lastKnownFileType = file; path = defeat.caf; sourceTree = "<group>"; };
		11FB95E818243494009D5552 /* victory.caf */ = {isa = PBXFileReference; lastKnownFileType = file; path = victory.caf; sourceTree = "<group>"; };
		11FE27E61803B1E600159D4A /* Kingthings_Calligraphica.fnt */ = {isa = PBXFileReference; fileEncoding = 4; lastKnownFileType = text; path = Kingthings_Calligraphica.fnt; sourceTree = "<group>"; };
		11FE27E71803B1E600159D4A /* Kingthings_Calligraphica_0.png */ = {isa = PBXFileReference; lastKnownFileType = image.png; path = Kingthings_Calligraphica_0.png; sourceTree = "<group>"; };
		11FE27E81803B1E600159D4A /* Kingthings_Exeter.fnt */ = {isa = PBXFileReference; fileEncoding = 4; lastKnownFileType = text; path = Kingthings_Exeter.fnt; sourceTree = "<group>"; };
		11FE27E91803B1E600159D4A /* Kingthings_Exeter_0.png */ = {isa = PBXFileReference; lastKnownFileType = image.png; path = Kingthings_Exeter_0.png; sourceTree = "<group>"; };
		58CFCC7218773893000098E5 /* CardTestScene.h */ = {isa = PBXFileReference; fileEncoding = 4; lastKnownFileType = sourcecode.c.h; path = CardTestScene.h; sourceTree = "<group>"; };
		58CFCC7318773893000098E5 /* CardTestScene.m */ = {isa = PBXFileReference; fileEncoding = 4; lastKnownFileType = sourcecode.c.objc; path = CardTestScene.m; sourceTree = "<group>"; };
		58CFCC7418773893000098E5 /* OBattleScene.h */ = {isa = PBXFileReference; fileEncoding = 4; lastKnownFileType = sourcecode.c.h; path = OBattleScene.h; sourceTree = "<group>"; };
		58CFCC7518773893000098E5 /* OBattleScene.m */ = {isa = PBXFileReference; fileEncoding = 4; lastKnownFileType = sourcecode.c.objc; path = OBattleScene.m; sourceTree = "<group>"; };
		58CFCC7618773893000098E5 /* OMenuScene.h */ = {isa = PBXFileReference; fileEncoding = 4; lastKnownFileType = sourcecode.c.h; path = OMenuScene.h; sourceTree = "<group>"; };
		58CFCC7718773893000098E5 /* OMenuScene.m */ = {isa = PBXFileReference; fileEncoding = 4; lastKnownFileType = sourcecode.c.objc; path = OMenuScene.m; sourceTree = "<group>"; };
		58CFCC7C187738F9000098E5 /* OButtonTextureUI.h */ = {isa = PBXFileReference; fileEncoding = 4; lastKnownFileType = sourcecode.c.h; path = OButtonTextureUI.h; sourceTree = "<group>"; };
		58CFCC7D187738F9000098E5 /* OButtonTextureUI.m */ = {isa = PBXFileReference; fileEncoding = 4; lastKnownFileType = sourcecode.c.objc; path = OButtonTextureUI.m; sourceTree = "<group>"; };
		58CFCC7E187738F9000098E5 /* ODeckAndGraveyardUI.h */ = {isa = PBXFileReference; fileEncoding = 4; lastKnownFileType = sourcecode.c.h; path = ODeckAndGraveyardUI.h; sourceTree = "<group>"; };
		58CFCC7F187738F9000098E5 /* ODeckAndGraveyardUI.m */ = {isa = PBXFileReference; fileEncoding = 4; lastKnownFileType = sourcecode.c.objc; path = ODeckAndGraveyardUI.m; sourceTree = "<group>"; };
		58CFCC80187738F9000098E5 /* OHealthUI.h */ = {isa = PBXFileReference; fileEncoding = 4; lastKnownFileType = sourcecode.c.h; path = OHealthUI.h; sourceTree = "<group>"; };
		58CFCC81187738F9000098E5 /* OHealthUI.m */ = {isa = PBXFileReference; fileEncoding = 4; lastKnownFileType = sourcecode.c.objc; path = OHealthUI.m; sourceTree = "<group>"; };
		58CFCC82187738F9000098E5 /* OResourcesUI.h */ = {isa = PBXFileReference; fileEncoding = 4; lastKnownFileType = sourcecode.c.h; path = OResourcesUI.h; sourceTree = "<group>"; };
		58CFCC83187738F9000098E5 /* OResourcesUI.m */ = {isa = PBXFileReference; fileEncoding = 4; lastKnownFileType = sourcecode.c.objc; path = OResourcesUI.m; sourceTree = "<group>"; };
		58CFCC8818773929000098E5 /* OBackgroundMusicScene.h */ = {isa = PBXFileReference; fileEncoding = 4; lastKnownFileType = sourcecode.c.h; path = OBackgroundMusicScene.h; sourceTree = "<group>"; };
		58CFCC891877397C000098E5 /* OCardUI.h */ = {isa = PBXFileReference; fileEncoding = 4; lastKnownFileType = sourcecode.c.h; path = OCardUI.h; sourceTree = "<group>"; };
		58CFCC8A1877397C000098E5 /* OCardUI.m */ = {isa = PBXFileReference; fileEncoding = 4; lastKnownFileType = sourcecode.c.objc; path = OCardUI.m; sourceTree = "<group>"; };
		58CFCC8C187739BC000098E5 /* OGame.h */ = {isa = PBXFileReference; fileEncoding = 4; lastKnownFileType = sourcecode.c.h; path = OGame.h; sourceTree = "<group>"; };
		58CFCC8D187739BC000098E5 /* OGame.m */ = {isa = PBXFileReference; fileEncoding = 4; lastKnownFileType = sourcecode.c.objc; path = OGame.m; sourceTree = "<group>"; };
/* End PBXFileReference section */

/* Begin PBXFrameworksBuildPhase section */
		1195D17417C25F5E00C4DA25 /* Frameworks */ = {
			isa = PBXFrameworksBuildPhase;
			buildActionMask = 2147483647;
			files = (
				11722F6117C6386400014D16 /* OpenAL.framework in Frameworks */,
				11722F5F17C6385700014D16 /* AudioToolbox.framework in Frameworks */,
				11722F5D17C6384C00014D16 /* AVFoundation.framework in Frameworks */,
				11722F5B17C6383A00014D16 /* QuartzCore.framework in Frameworks */,
				11722F5917C6382D00014D16 /* OpenGLES.framework in Frameworks */,
				11722F5717C636DA00014D16 /* GLKit.framework in Frameworks */,
				11722F5517C636CB00014D16 /* libz.dylib in Frameworks */,
				11722F5317C636BF00014D16 /* libSparrow.a in Frameworks */,
				1195D17B17C25F5E00C4DA25 /* UIKit.framework in Frameworks */,
				1195D17D17C25F5E00C4DA25 /* Foundation.framework in Frameworks */,
				1195D17F17C25F5E00C4DA25 /* CoreGraphics.framework in Frameworks */,
			);
			runOnlyForDeploymentPostprocessing = 0;
		};
		1195D19317C25F5E00C4DA25 /* Frameworks */ = {
			isa = PBXFrameworksBuildPhase;
			buildActionMask = 2147483647;
			files = (
				1195D19917C25F5E00C4DA25 /* SenTestingKit.framework in Frameworks */,
				1195D19A17C25F5E00C4DA25 /* UIKit.framework in Frameworks */,
				1195D19B17C25F5E00C4DA25 /* Foundation.framework in Frameworks */,
			);
			runOnlyForDeploymentPostprocessing = 0;
		};
/* End PBXFrameworksBuildPhase section */

/* Begin PBXGroup section */
		112EE3F217FCF60400C495D3 /* SXSimpleClippedImage */ = {
			isa = PBXGroup;
			children = (
				112EE3F317FCF62000C495D3 /* SXSimpleClippedImage.h */,
				112EE3F417FCF62000C495D3 /* SXSimpleClippedImage.m */,
			);
			path = SXSimpleClippedImage;
			sourceTree = "<group>";
		};
		113517D917CED6B400C7EAA7 /* media */ = {
			isa = PBXGroup;
			children = (
				1163610718316F520028FD28 /* arcomage.plist */,
				116270EB18242C3A00E2B267 /* audio */,
				11FE27E51803B1E600159D4A /* fonts */,
				113517DF17CF103200C7EAA7 /* graphics */,
				1163610B183171270028FD28 /* rules.plist */,
			);
			path = media;
			sourceTree = "<group>";
		};
		113517DF17CF103200C7EAA7 /* graphics */ = {
			isa = PBXGroup;
			children = (
				118C175C1828469500230218 /* card bottom.png */,
				1122E396181E2D2B000F4E89 /* draw.png */,
				1122E392181E25C8000F4E89 /* looser.png */,
				1122E393181E25C8000F4E89 /* winner.png */,
				1122E390181E1C69000F4E89 /* scroll.png */,
				11360DED181AC54B00E797B6 /* fire.pex */,
				11312105180F770400A332E7 /* chain and lock.png */,
				112EE3F717FD07DD00C495D3 /* background.png */,
				111FB82A17E7DC1700CDBAF0 /* cards.png */,
				111FB82B17E7DC1700CDBAF0 /* cards.xml */,
				111FB82C17E7DC1700CDBAF0 /* ui.png */,
				111FB82D17E7DC1700CDBAF0 /* ui.xml */,
			);
			path = graphics;
			sourceTree = "<group>";
		};
		113F4D2F181130CB00067720 /* SXParticleSystem */ = {
			isa = PBXGroup;
			children = (
				113F4D32181130E400067720 /* SXParticleSystem.h */,
				113F4D33181130E400067720 /* SXParticleSystem.m */,
			);
			path = SXParticleSystem;
			sourceTree = "<group>";
		};
		1154D1BA17E93BA000A3EC2B /* Libs */ = {
			isa = PBXGroup;
			children = (
				113F4D2F181130CB00067720 /* SXParticleSystem */,
				112EE3F217FCF60400C495D3 /* SXSimpleClippedImage */,
				1154D1C217E93BCC00A3EC2B /* SXGauge */,
				1154D1BB17E93BBE00A3EC2B /* SHPolygon */,
			);
			path = Libs;
			sourceTree = "<group>";
		};
		1154D1BB17E93BBE00A3EC2B /* SHPolygon */ = {
			isa = PBXGroup;
			children = (
				1154D1BC17E93BBE00A3EC2B /* SHPolygon.h */,
				1154D1BD17E93BBE00A3EC2B /* SHPolygon.m */,
				1154D1BE17E93BBE00A3EC2B /* SHPolygonImage.h */,
				1154D1BF17E93BBE00A3EC2B /* SHPolygonImage.m */,
			);
			path = SHPolygon;
			sourceTree = "<group>";
		};
		1154D1C217E93BCC00A3EC2B /* SXGauge */ = {
			isa = PBXGroup;
			children = (
				1154D1C317E93BCC00A3EC2B /* SXGauge.h */,
				1154D1C417E93BCC00A3EC2B /* SXGauge.m */,
			);
			path = SXGauge;
			sourceTree = "<group>";
		};
		116270EB18242C3A00E2B267 /* audio */ = {
			isa = PBXGroup;
			children = (
				11D8A3EE182A2CF6000428AE /* battle1.caf */,
				11D8A3EF182A2CF6000428AE /* battle2.caf */,
				11D8A3F0182A2CF6000428AE /* menu.caf */,
				116270EC18242C5100E2B267 /* card.caf */,
				116270ED18242C5100E2B267 /* damageO.caf */,
				11FB95E718243494009D5552 /* defeat.caf */,
				116270EE18242C5100E2B267 /* resb_downO.caf */,
				116270EF18242C5100E2B267 /* resb_upO.caf */,
				116270F018242C5100E2B267 /* ress_downO.caf */,
				116270F118242C5100E2B267 /* ress_upO.caf */,
				116270F218242C5100E2B267 /* tower_upO.caf */,
				11FB95E818243494009D5552 /* victory.caf */,
				116270F318242C5100E2B267 /* wall_upO.caf */,
			);
			path = audio;
			sourceTree = "<group>";
		};
		11722F4A17C635EE00014D16 /* Products */ = {
			isa = PBXGroup;
			children = (
				11722F4F17C635EE00014D16 /* libSparrow.a */,
				11722F5117C635EE00014D16 /* UnitTest.octest */,
			);
			name = Products;
			sourceTree = "<group>";
		};
		1195D16E17C25F5E00C4DA25 = {
			isa = PBXGroup;
			children = (
				1195D17917C25F5E00C4DA25 /* Frameworks */,
				1195D18017C25F5E00C4DA25 /* Omeotte */,
				1195D19E17C25F5E00C4DA25 /* OmeotteTests */,
				1195D17817C25F5E00C4DA25 /* Products */,
				11722F4917C635EE00014D16 /* Sparrow.xcodeproj */,
			);
			sourceTree = "<group>";
		};
		1195D17817C25F5E00C4DA25 /* Products */ = {
			isa = PBXGroup;
			children = (
				1195D17717C25F5E00C4DA25 /* Omeotte.app */,
				1195D19717C25F5E00C4DA25 /* OmeotteTests.octest */,
			);
			name = Products;
			sourceTree = "<group>";
		};
		1195D17917C25F5E00C4DA25 /* Frameworks */ = {
			isa = PBXGroup;
			children = (
				116270E918242A2700E2B267 /* Security.framework */,
				116270E718242A2000E2B267 /* CoreFoundation.framework */,
				11722F5E17C6385700014D16 /* AudioToolbox.framework */,
				11722F5C17C6384C00014D16 /* AVFoundation.framework */,
				1195D17E17C25F5E00C4DA25 /* CoreGraphics.framework */,
				1195D17C17C25F5E00C4DA25 /* Foundation.framework */,
				11722F5617C636DA00014D16 /* GLKit.framework */,
				11722F5417C636CB00014D16 /* libz.dylib */,
				11722F6017C6386400014D16 /* OpenAL.framework */,
				11722F5817C6382D00014D16 /* OpenGLES.framework */,
				11722F5A17C6383A00014D16 /* QuartzCore.framework */,
				1195D19817C25F5E00C4DA25 /* SenTestingKit.framework */,
				1195D17A17C25F5E00C4DA25 /* UIKit.framework */,
			);
			name = Frameworks;
			sourceTree = "<group>";
		};
		1195D18017C25F5E00C4DA25 /* Omeotte */ = {
			isa = PBXGroup;
			children = (
				1195D18917C25F5E00C4DA25 /* AppDelegate.h */,
				1195D18A17C25F5E00C4DA25 /* AppDelegate.m */,
				1154D1BA17E93BA000A3EC2B /* Libs */,
				113517D917CED6B400C7EAA7 /* media */,
				1195D28C17C272B600C4DA25 /* OCard.h */,
				1195D28D17C272B600C4DA25 /* OCard.m */,
				1195D28F17C2772700C4DA25 /* ODeck.h */,
				1195D29017C2772700C4DA25 /* ODeck.m */,
				11D36F8518098E3E00897552 /* OFx.h */,
				11D36F8618098E3E00897552 /* OFx.m */,
				58CFCC8C187739BC000098E5 /* OGame.h */,
				58CFCC8D187739BC000098E5 /* OGame.m */,
				11722F6917C640CC00014D16 /* OMedia.h */,
				11722F6A17C640CC00014D16 /* OMedia.m */,
				11306C7E17D6BE0200156E78 /* Omeotte.h */,
				1195D28617C2728700C4DA25 /* OPlayer.h */,
				1195D28717C2728700C4DA25 /* OPlayer.m */,
				11D5CF5817C32F6900AA96BC /* ORule.h */,
				11D5CF5917C32F6A00AA96BC /* ORule.m */,
				118E688417C74BD8007801CD /* OStats.h */,
				118E688517C74BD8007801CD /* OStats.m */,
				58CFCC7118773850000098E5 /* Scenes */,
				1195D18117C25F5E00C4DA25 /* Supporting Files */,
				58CFCC7B187738AD000098E5 /* UI */,
			);
			path = Omeotte;
			sourceTree = "<group>";
		};
		1195D18117C25F5E00C4DA25 /* Supporting Files */ = {
			isa = PBXGroup;
			children = (
				1195D18217C25F5E00C4DA25 /* Omeotte-Info.plist */,
				1195D18317C25F5E00C4DA25 /* InfoPlist.strings */,
				1195D18617C25F5E00C4DA25 /* main.m */,
				1195D18817C25F5E00C4DA25 /* Omeotte-Prefix.pch */,
				1195D18C17C25F5E00C4DA25 /* Default.png */,
				1195D18E17C25F5E00C4DA25 /* Default@2x.png */,
				1195D19017C25F5E00C4DA25 /* Default-568h@2x.png */,
			);
			name = "Supporting Files";
			sourceTree = "<group>";
		};
		1195D19E17C25F5E00C4DA25 /* OmeotteTests */ = {
			isa = PBXGroup;
			children = (
				1195D1A417C25F5F00C4DA25 /* OmeotteTests.h */,
				1195D1A517C25F5F00C4DA25 /* OmeotteTests.m */,
				1195D19F17C25F5E00C4DA25 /* Supporting Files */,
			);
			path = OmeotteTests;
			sourceTree = "<group>";
		};
		1195D19F17C25F5E00C4DA25 /* Supporting Files */ = {
			isa = PBXGroup;
			children = (
				1195D1A017C25F5E00C4DA25 /* OmeotteTests-Info.plist */,
				1195D1A117C25F5F00C4DA25 /* InfoPlist.strings */,
			);
			name = "Supporting Files";
			sourceTree = "<group>";
		};
		11FE27E51803B1E600159D4A /* fonts */ = {
			isa = PBXGroup;
			children = (
				11FE27E61803B1E600159D4A /* Kingthings_Calligraphica.fnt */,
				11FE27E71803B1E600159D4A /* Kingthings_Calligraphica_0.png */,
				11FE27E81803B1E600159D4A /* Kingthings_Exeter.fnt */,
				11FE27E91803B1E600159D4A /* Kingthings_Exeter_0.png */,
			);
			path = fonts;
			sourceTree = "<group>";
		};
		58CFCC7118773850000098E5 /* Scenes */ = {
			isa = PBXGroup;
			children = (
				58CFCC7218773893000098E5 /* CardTestScene.h */,
				58CFCC7318773893000098E5 /* CardTestScene.m */,
				58CFCC7418773893000098E5 /* OBattleScene.h */,
				58CFCC7518773893000098E5 /* OBattleScene.m */,
				58CFCC7618773893000098E5 /* OMenuScene.h */,
				58CFCC7718773893000098E5 /* OMenuScene.m */,
			);
			path = Scenes;
			sourceTree = "<group>";
		};
		58CFCC7B187738AD000098E5 /* UI */ = {
			isa = PBXGroup;
			children = (
				58CFCC8818773929000098E5 /* OBackgroundMusicScene.h */,
				58CFCC7C187738F9000098E5 /* OButtonTextureUI.h */,
				58CFCC7D187738F9000098E5 /* OButtonTextureUI.m */,
				58CFCC891877397C000098E5 /* OCardUI.h */,
				58CFCC8A1877397C000098E5 /* OCardUI.m */,
				58CFCC7E187738F9000098E5 /* ODeckAndGraveyardUI.h */,
				58CFCC7F187738F9000098E5 /* ODeckAndGraveyardUI.m */,
				58CFCC80187738F9000098E5 /* OHealthUI.h */,
				58CFCC81187738F9000098E5 /* OHealthUI.m */,
				58CFCC82187738F9000098E5 /* OResourcesUI.h */,
				58CFCC83187738F9000098E5 /* OResourcesUI.m */,
			);
			path = UI;
			sourceTree = "<group>";
		};
/* End PBXGroup section */

/* Begin PBXNativeTarget section */
		1195D17617C25F5E00C4DA25 /* Omeotte */ = {
			isa = PBXNativeTarget;
			buildConfigurationList = 1195D1A917C25F5F00C4DA25 /* Build configuration list for PBXNativeTarget "Omeotte" */;
			buildPhases = (
				1195D17317C25F5E00C4DA25 /* Sources */,
				1195D17417C25F5E00C4DA25 /* Frameworks */,
				1195D17517C25F5E00C4DA25 /* Resources */,
				112AE45D182ACEA9000D5909 /* ShellScript */,
			);
			buildRules = (
			);
			dependencies = (
			);
			name = Omeotte;
			productName = Omeotte;
			productReference = 1195D17717C25F5E00C4DA25 /* Omeotte.app */;
			productType = "com.apple.product-type.application";
		};
		1195D19617C25F5E00C4DA25 /* OmeotteTests */ = {
			isa = PBXNativeTarget;
			buildConfigurationList = 1195D1AC17C25F5F00C4DA25 /* Build configuration list for PBXNativeTarget "OmeotteTests" */;
			buildPhases = (
				1195D19217C25F5E00C4DA25 /* Sources */,
				1195D19317C25F5E00C4DA25 /* Frameworks */,
				1195D19417C25F5E00C4DA25 /* Resources */,
				1195D19517C25F5E00C4DA25 /* ShellScript */,
			);
			buildRules = (
			);
			dependencies = (
				1195D19D17C25F5E00C4DA25 /* PBXTargetDependency */,
			);
			name = OmeotteTests;
			productName = OmeotteTests;
			productReference = 1195D19717C25F5E00C4DA25 /* OmeotteTests.octest */;
			productType = "com.apple.product-type.bundle";
		};
/* End PBXNativeTarget section */

/* Begin PBXProject section */
		1195D16F17C25F5E00C4DA25 /* Project object */ = {
			isa = PBXProject;
			attributes = {
				LastUpgradeCheck = 0460;
				ORGANIZATIONNAME = "JJJ Software";
				TargetAttributes = {
					1195D17617C25F5E00C4DA25 = {
						DevelopmentTeam = 43CD66539H;
					};
				};
			};
			buildConfigurationList = 1195D17217C25F5E00C4DA25 /* Build configuration list for PBXProject "Omeotte" */;
			compatibilityVersion = "Xcode 3.2";
			developmentRegion = English;
			hasScannedForEncodings = 0;
			knownRegions = (
				en,
			);
			mainGroup = 1195D16E17C25F5E00C4DA25;
			productRefGroup = 1195D17817C25F5E00C4DA25 /* Products */;
			projectDirPath = "";
			projectReferences = (
				{
					ProductGroup = 11722F4A17C635EE00014D16 /* Products */;
					ProjectRef = 11722F4917C635EE00014D16 /* Sparrow.xcodeproj */;
				},
			);
			projectRoot = "";
			targets = (
				1195D17617C25F5E00C4DA25 /* Omeotte */,
				1195D19617C25F5E00C4DA25 /* OmeotteTests */,
			);
		};
/* End PBXProject section */

/* Begin PBXReferenceProxy section */
		11722F4F17C635EE00014D16 /* libSparrow.a */ = {
			isa = PBXReferenceProxy;
			fileType = archive.ar;
			path = libSparrow.a;
			remoteRef = 11722F4E17C635EE00014D16 /* PBXContainerItemProxy */;
			sourceTree = BUILT_PRODUCTS_DIR;
		};
		11722F5117C635EE00014D16 /* UnitTest.octest */ = {
			isa = PBXReferenceProxy;
			fileType = wrapper.cfbundle;
			path = UnitTest.octest;
			remoteRef = 11722F5017C635EE00014D16 /* PBXContainerItemProxy */;
			sourceTree = BUILT_PRODUCTS_DIR;
		};
/* End PBXReferenceProxy section */

/* Begin PBXResourcesBuildPhase section */
		1195D17517C25F5E00C4DA25 /* Resources */ = {
			isa = PBXResourcesBuildPhase;
			buildActionMask = 2147483647;
			files = (
				11D8A3F1182A2CF6000428AE /* battle1.caf in Resources */,
				1195D18517C25F5E00C4DA25 /* InfoPlist.strings in Resources */,
				11FB95E918243494009D5552 /* defeat.caf in Resources */,
				1195D18D17C25F5E00C4DA25 /* Default.png in Resources */,
				1195D18F17C25F5E00C4DA25 /* Default@2x.png in Resources */,
				1122E394181E25C8000F4E89 /* looser.png in Resources */,
				11FE27EA1803B1E600159D4A /* Kingthings_Calligraphica.fnt in Resources */,
				11360DEE181AC54B00E797B6 /* fire.pex in Resources */,
				116270F918242C5100E2B267 /* ress_upO.caf in Resources */,
				118C175D1828469600230218 /* card bottom.png in Resources */,
				1122E395181E25C8000F4E89 /* winner.png in Resources */,
				116270F718242C5100E2B267 /* resb_upO.caf in Resources */,
				116270F518242C5100E2B267 /* damageO.caf in Resources */,
				1195D19117C25F5E00C4DA25 /* Default-568h@2x.png in Resources */,
				116270FB18242C5100E2B267 /* wall_upO.caf in Resources */,
				11312106180F770400A332E7 /* chain and lock.png in Resources */,
				112EE3F817FD07DD00C495D3 /* background.png in Resources */,
				1163610818316F520028FD28 /* arcomage.plist in Resources */,
				11FB95EA18243494009D5552 /* victory.caf in Resources */,
				11D8A3F3182A2CF6000428AE /* menu.caf in Resources */,
				116270F618242C5100E2B267 /* resb_downO.caf in Resources */,
				1122E397181E2D2B000F4E89 /* draw.png in Resources */,
				11FE27ED1803B1E600159D4A /* Kingthings_Exeter_0.png in Resources */,
				11D8A3F2182A2CF6000428AE /* battle2.caf in Resources */,
				111FB82E17E7DC1700CDBAF0 /* cards.png in Resources */,
				116270FA18242C5100E2B267 /* tower_upO.caf in Resources */,
				111FB82F17E7DC1700CDBAF0 /* cards.xml in Resources */,
				116270F818242C5100E2B267 /* ress_downO.caf in Resources */,
				116270F418242C5100E2B267 /* card.caf in Resources */,
				1163610C183171270028FD28 /* rules.plist in Resources */,
				111FB83017E7DC1700CDBAF0 /* ui.png in Resources */,
				11FE27EC1803B1E600159D4A /* Kingthings_Exeter.fnt in Resources */,
				11FE27EB1803B1E600159D4A /* Kingthings_Calligraphica_0.png in Resources */,
				111FB83117E7DC1700CDBAF0 /* ui.xml in Resources */,
				1122E391181E1C69000F4E89 /* scroll.png in Resources */,
			);
			runOnlyForDeploymentPostprocessing = 0;
		};
		1195D19417C25F5E00C4DA25 /* Resources */ = {
			isa = PBXResourcesBuildPhase;
			buildActionMask = 2147483647;
			files = (
				1195D1A317C25F5F00C4DA25 /* InfoPlist.strings in Resources */,
			);
			runOnlyForDeploymentPostprocessing = 0;
		};
/* End PBXResourcesBuildPhase section */

/* Begin PBXShellScriptBuildPhase section */
		112AE45D182ACEA9000D5909 /* ShellScript */ = {
			isa = PBXShellScriptBuildPhase;
			buildActionMask = 2147483647;
			files = (
			);
			inputPaths = (
			);
			outputPaths = (
			);
			runOnlyForDeploymentPostprocessing = 0;
			shellPath = /bin/sh;
			shellScript = "bN=$(/usr/libexec/PlistBuddy -c \"Print CFBundleVersion\" \"$INFOPLIST_FILE\")\nbN=$((0x$bN))\nbN=$(($bN + 1))\nbN=$(printf \"%X\" $bN)\n/usr/libexec/PlistBuddy -c \"Set :CFBundleVersion $bN\" \"$INFOPLIST_FILE\"";
		};
		1195D19517C25F5E00C4DA25 /* ShellScript */ = {
			isa = PBXShellScriptBuildPhase;
			buildActionMask = 2147483647;
			files = (
			);
			inputPaths = (
			);
			outputPaths = (
			);
			runOnlyForDeploymentPostprocessing = 0;
			shellPath = /bin/sh;
			shellScript = "# Run the unit tests in this test bundle.\n\"${SYSTEM_DEVELOPER_DIR}/Tools/RunUnitTests\"\n";
		};
/* End PBXShellScriptBuildPhase section */

/* Begin PBXSourcesBuildPhase section */
		1195D17317C25F5E00C4DA25 /* Sources */ = {
			isa = PBXSourcesBuildPhase;
			buildActionMask = 2147483647;
			files = (
				1195D18717C25F5E00C4DA25 /* main.m in Sources */,
				58CFCC7818773893000098E5 /* CardTestScene.m in Sources */,
				1195D18B17C25F5E00C4DA25 /* AppDelegate.m in Sources */,
				1195D28817C2728700C4DA25 /* OPlayer.m in Sources */,
				11D36F8718098E3E00897552 /* OFx.m in Sources */,
				1195D28E17C272B600C4DA25 /* OCard.m in Sources */,
				1195D29117C2772700C4DA25 /* ODeck.m in Sources */,
				11D5CF5A17C32F6A00AA96BC /* ORule.m in Sources */,
				58CFCC85187738F9000098E5 /* ODeckAndGraveyardUI.m in Sources */,
				58CFCC8B1877397C000098E5 /* OCardUI.m in Sources */,
				58CFCC86187738F9000098E5 /* OHealthUI.m in Sources */,
				58CFCC7918773893000098E5 /* OBattleScene.m in Sources */,
				58CFCC7A18773893000098E5 /* OMenuScene.m in Sources */,
				11722F6B17C640CC00014D16 /* OMedia.m in Sources */,
				58CFCC87187738F9000098E5 /* OResourcesUI.m in Sources */,
				58CFCC84187738F9000098E5 /* OButtonTextureUI.m in Sources */,
				118E688617C74BD8007801CD /* OStats.m in Sources */,
				112EE3F517FCF62000C495D3 /* SXSimpleClippedImage.m in Sources */,
				1154D1C017E93BBE00A3EC2B /* SHPolygon.m in Sources */,
				113F4D34181130E400067720 /* SXParticleSystem.m in Sources */,
				1154D1C117E93BBE00A3EC2B /* SHPolygonImage.m in Sources */,
				58CFCC8E187739BC000098E5 /* OGame.m in Sources */,
				1154D1C517E93BCC00A3EC2B /* SXGauge.m in Sources */,
			);
			runOnlyForDeploymentPostprocessing = 0;
		};
		1195D19217C25F5E00C4DA25 /* Sources */ = {
			isa = PBXSourcesBuildPhase;
			buildActionMask = 2147483647;
			files = (
				1195D1A617C25F5F00C4DA25 /* OmeotteTests.m in Sources */,
			);
			runOnlyForDeploymentPostprocessing = 0;
		};
/* End PBXSourcesBuildPhase section */

/* Begin PBXTargetDependency section */
		1195D19D17C25F5E00C4DA25 /* PBXTargetDependency */ = {
			isa = PBXTargetDependency;
			target = 1195D17617C25F5E00C4DA25 /* Omeotte */;
			targetProxy = 1195D19C17C25F5E00C4DA25 /* PBXContainerItemProxy */;
		};
/* End PBXTargetDependency section */

/* Begin PBXVariantGroup section */
		1195D18317C25F5E00C4DA25 /* InfoPlist.strings */ = {
			isa = PBXVariantGroup;
			children = (
				1195D18417C25F5E00C4DA25 /* en */,
			);
			name = InfoPlist.strings;
			sourceTree = "<group>";
		};
		1195D1A117C25F5F00C4DA25 /* InfoPlist.strings */ = {
			isa = PBXVariantGroup;
			children = (
				1195D1A217C25F5F00C4DA25 /* en */,
			);
			name = InfoPlist.strings;
			sourceTree = "<group>";
		};
/* End PBXVariantGroup section */

/* Begin XCBuildConfiguration section */
		1195D1A717C25F5F00C4DA25 /* Debug */ = {
			isa = XCBuildConfiguration;
			buildSettings = {
				ALWAYS_SEARCH_USER_PATHS = NO;
				CLANG_CXX_LANGUAGE_STANDARD = "gnu++0x";
				CLANG_CXX_LIBRARY = "libc++";
				CLANG_WARN_CONSTANT_CONVERSION = YES;
				CLANG_WARN_EMPTY_BODY = YES;
				CLANG_WARN_ENUM_CONVERSION = YES;
				CLANG_WARN_INT_CONVERSION = YES;
				CLANG_WARN__DUPLICATE_METHOD_MATCH = YES;
				"CODE_SIGN_IDENTITY[sdk=iphoneos*]" = "iPhone Developer";
				COPY_PHASE_STRIP = NO;
				GCC_C_LANGUAGE_STANDARD = gnu99;
				GCC_DYNAMIC_NO_PIC = NO;
				GCC_OPTIMIZATION_LEVEL = 0;
				GCC_PREPROCESSOR_DEFINITIONS = (
					"DEBUG=1",
					"$(inherited)",
				);
				GCC_SYMBOLS_PRIVATE_EXTERN = NO;
				GCC_WARN_ABOUT_RETURN_TYPE = YES;
				GCC_WARN_UNINITIALIZED_AUTOS = YES;
				GCC_WARN_UNUSED_VARIABLE = YES;
				IPHONEOS_DEPLOYMENT_TARGET = 6.1;
				ONLY_ACTIVE_ARCH = YES;
				SDKROOT = iphoneos;
				TARGETED_DEVICE_FAMILY = "1,2";
			};
			name = Debug;
		};
		1195D1A817C25F5F00C4DA25 /* Release */ = {
			isa = XCBuildConfiguration;
			buildSettings = {
				ALWAYS_SEARCH_USER_PATHS = NO;
				CLANG_CXX_LANGUAGE_STANDARD = "gnu++0x";
				CLANG_CXX_LIBRARY = "libc++";
				CLANG_WARN_CONSTANT_CONVERSION = YES;
				CLANG_WARN_EMPTY_BODY = YES;
				CLANG_WARN_ENUM_CONVERSION = YES;
				CLANG_WARN_INT_CONVERSION = YES;
				CLANG_WARN__DUPLICATE_METHOD_MATCH = YES;
				"CODE_SIGN_IDENTITY[sdk=iphoneos*]" = "iPhone Developer";
				COPY_PHASE_STRIP = YES;
				GCC_C_LANGUAGE_STANDARD = gnu99;
				GCC_WARN_ABOUT_RETURN_TYPE = YES;
				GCC_WARN_UNINITIALIZED_AUTOS = YES;
				GCC_WARN_UNUSED_VARIABLE = YES;
				IPHONEOS_DEPLOYMENT_TARGET = 6.1;
				OTHER_CFLAGS = "-DNS_BLOCK_ASSERTIONS=1";
				SDKROOT = iphoneos;
				TARGETED_DEVICE_FAMILY = "1,2";
				VALIDATE_PRODUCT = YES;
			};
			name = Release;
		};
		1195D1AA17C25F5F00C4DA25 /* Debug */ = {
			isa = XCBuildConfiguration;
			buildSettings = {
				CLANG_ENABLE_OBJC_ARC = NO;
				CODE_SIGN_IDENTITY = "iPhone Developer";
				"CODE_SIGN_IDENTITY[sdk=iphoneos*]" = "iPhone Developer";
				GCC_PRECOMPILE_PREFIX_HEADER = YES;
				GCC_PREFIX_HEADER = "Omeotte/Omeotte-Prefix.pch";
				INFOPLIST_FILE = "Omeotte/Omeotte-Info.plist";
				IPHONEOS_DEPLOYMENT_TARGET = 6.1;
				OTHER_LDFLAGS = (
					"-ObjC",
					"-all_load",
				);
				PRODUCT_NAME = Omeotte;
				PROVISIONING_PROFILE = "";
				USER_HEADER_SEARCH_PATHS = "../Sparrow-Framework/sparrow/src/**";
				WRAPPER_EXTENSION = app;
			};
			name = Debug;
		};
		1195D1AB17C25F5F00C4DA25 /* Release */ = {
			isa = XCBuildConfiguration;
			buildSettings = {
				CLANG_ENABLE_OBJC_ARC = NO;
				CODE_SIGN_IDENTITY = "iPhone Developer";
				"CODE_SIGN_IDENTITY[sdk=iphoneos*]" = "iPhone Developer";
				GCC_PRECOMPILE_PREFIX_HEADER = YES;
				GCC_PREFIX_HEADER = "Omeotte/Omeotte-Prefix.pch";
				INFOPLIST_FILE = "Omeotte/Omeotte-Info.plist";
				IPHONEOS_DEPLOYMENT_TARGET = 6.1;
				OTHER_LDFLAGS = (
					"-ObjC",
					"-all_load",
				);
				PRODUCT_NAME = Omeotte;
				PROVISIONING_PROFILE = "";
				USER_HEADER_SEARCH_PATHS = "../Sparrow-Framework/sparrow/src/**";
				WRAPPER_EXTENSION = app;
			};
			name = Release;
		};
		1195D1AD17C25F5F00C4DA25 /* Debug */ = {
			isa = XCBuildConfiguration;
			buildSettings = {
				BUNDLE_LOADER = "$(BUILT_PRODUCTS_DIR)/Omeotte.app/Omeotte";
				FRAMEWORK_SEARCH_PATHS = (
					"\"$(SDKROOT)/Developer/Library/Frameworks\"",
					"\"$(DEVELOPER_LIBRARY_DIR)/Frameworks\"",
				);
				GCC_PRECOMPILE_PREFIX_HEADER = YES;
				GCC_PREFIX_HEADER = "Omeotte/Omeotte-Prefix.pch";
				INFOPLIST_FILE = "OmeotteTests/OmeotteTests-Info.plist";
				PRODUCT_NAME = OmeotteTests;
				TEST_HOST = "$(BUNDLE_LOADER)";
				WRAPPER_EXTENSION = octest;
			};
			name = Debug;
		};
		1195D1AE17C25F5F00C4DA25 /* Release */ = {
			isa = XCBuildConfiguration;
			buildSettings = {
				BUNDLE_LOADER = "$(BUILT_PRODUCTS_DIR)/Omeotte.app/Omeotte";
				FRAMEWORK_SEARCH_PATHS = (
					"\"$(SDKROOT)/Developer/Library/Frameworks\"",
					"\"$(DEVELOPER_LIBRARY_DIR)/Frameworks\"",
				);
				GCC_PRECOMPILE_PREFIX_HEADER = YES;
				GCC_PREFIX_HEADER = "Omeotte/Omeotte-Prefix.pch";
				INFOPLIST_FILE = "OmeotteTests/OmeotteTests-Info.plist";
				PRODUCT_NAME = OmeotteTests;
				TEST_HOST = "$(BUNDLE_LOADER)";
				WRAPPER_EXTENSION = octest;
			};
			name = Release;
		};
/* End XCBuildConfiguration section */

/* Begin XCConfigurationList section */
		1195D17217C25F5E00C4DA25 /* Build configuration list for PBXProject "Omeotte" */ = {
			isa = XCConfigurationList;
			buildConfigurations = (
				1195D1A717C25F5F00C4DA25 /* Debug */,
				1195D1A817C25F5F00C4DA25 /* Release */,
			);
			defaultConfigurationIsVisible = 0;
			defaultConfigurationName = Release;
		};
		1195D1A917C25F5F00C4DA25 /* Build configuration list for PBXNativeTarget "Omeotte" */ = {
			isa = XCConfigurationList;
			buildConfigurations = (
				1195D1AA17C25F5F00C4DA25 /* Debug */,
				1195D1AB17C25F5F00C4DA25 /* Release */,
			);
			defaultConfigurationIsVisible = 0;
			defaultConfigurationName = Release;
		};
		1195D1AC17C25F5F00C4DA25 /* Build configuration list for PBXNativeTarget "OmeotteTests" */ = {
			isa = XCConfigurationList;
			buildConfigurations = (
				1195D1AD17C25F5F00C4DA25 /* Debug */,
				1195D1AE17C25F5F00C4DA25 /* Release */,
			);
			defaultConfigurationIsVisible = 0;
			defaultConfigurationName = Release;
		};
/* End XCConfigurationList section */
	};
	rootObject = 1195D16F17C25F5E00C4DA25 /* Project object */;
}
