// !$*UTF8*$!
{
	archiveVersion = 1;
	classes = {
	};
	objectVersion = 46;
	objects = {

/* Begin PBXBuildFile section */
		1195D17B17C25F5E00C4DA25 /* UIKit.framework in Frameworks */ = {isa = PBXBuildFile; fileRef = 1195D17A17C25F5E00C4DA25 /* UIKit.framework */; };
		1195D17D17C25F5E00C4DA25 /* Foundation.framework in Frameworks */ = {isa = PBXBuildFile; fileRef = 1195D17C17C25F5E00C4DA25 /* Foundation.framework */; };
		1195D17F17C25F5E00C4DA25 /* CoreGraphics.framework in Frameworks */ = {isa = PBXBuildFile; fileRef = 1195D17E17C25F5E00C4DA25 /* CoreGraphics.framework */; };
		1195D18517C25F5E00C4DA25 /* InfoPlist.strings in Resources */ = {isa = PBXBuildFile; fileRef = 1195D18317C25F5E00C4DA25 /* InfoPlist.strings */; };
		1195D18717C25F5E00C4DA25 /* main.m in Sources */ = {isa = PBXBuildFile; fileRef = 1195D18617C25F5E00C4DA25 /* main.m */; };
		1195D18B17C25F5E00C4DA25 /* AppDelegate.m in Sources */ = {isa = PBXBuildFile; fileRef = 1195D18A17C25F5E00C4DA25 /* AppDelegate.m */; };
		1195D18D17C25F5E00C4DA25 /* Default.png in Resources */ = {isa = PBXBuildFile; fileRef = 1195D18C17C25F5E00C4DA25 /* Default.png */; };
		1195D18F17C25F5E00C4DA25 /* Default@2x.png in Resources */ = {isa = PBXBuildFile; fileRef = 1195D18E17C25F5E00C4DA25 /* Default@2x.png */; };
		1195D19117C25F5E00C4DA25 /* Default-568h@2x.png in Resources */ = {isa = PBXBuildFile; fileRef = 1195D19017C25F5E00C4DA25 /* Default-568h@2x.png */; };
		1195D19917C25F5E00C4DA25 /* SenTestingKit.framework in Frameworks */ = {isa = PBXBuildFile; fileRef = 1195D19817C25F5E00C4DA25 /* SenTestingKit.framework */; };
		1195D19A17C25F5E00C4DA25 /* UIKit.framework in Frameworks */ = {isa = PBXBuildFile; fileRef = 1195D17A17C25F5E00C4DA25 /* UIKit.framework */; };
		1195D19B17C25F5E00C4DA25 /* Foundation.framework in Frameworks */ = {isa = PBXBuildFile; fileRef = 1195D17C17C25F5E00C4DA25 /* Foundation.framework */; };
		1195D1A317C25F5F00C4DA25 /* InfoPlist.strings in Resources */ = {isa = PBXBuildFile; fileRef = 1195D1A117C25F5F00C4DA25 /* InfoPlist.strings */; };
		1195D1A617C25F5F00C4DA25 /* OmeotteTests.m in Sources */ = {isa = PBXBuildFile; fileRef = 1195D1A517C25F5F00C4DA25 /* OmeotteTests.m */; };
/* End PBXBuildFile section */

/* Begin PBXContainerItemProxy section */
		1195D19C17C25F5E00C4DA25 /* PBXContainerItemProxy */ = {
			isa = PBXContainerItemProxy;
			containerPortal = 1195D16F17C25F5E00C4DA25 /* Project object */;
			proxyType = 1;
			remoteGlobalIDString = 1195D17617C25F5E00C4DA25;
			remoteInfo = Omeotte;
		};
/* End PBXContainerItemProxy section */

/* Begin PBXFileReference section */
		1195D17717C25F5E00C4DA25 /* Omeotte.app */ = {isa = PBXFileReference; explicitFileType = wrapper.application; includeInIndex = 0; path = Omeotte.app; sourceTree = BUILT_PRODUCTS_DIR; };
		1195D17A17C25F5E00C4DA25 /* UIKit.framework */ = {isa = PBXFileReference; lastKnownFileType = wrapper.framework; name = UIKit.framework; path = System/Library/Frameworks/UIKit.framework; sourceTree = SDKROOT; };
		1195D17C17C25F5E00C4DA25 /* Foundation.framework */ = {isa = PBXFileReference; lastKnownFileType = wrapper.framework; name = Foundation.framework; path = System/Library/Frameworks/Foundation.framework; sourceTree = SDKROOT; };
		1195D17E17C25F5E00C4DA25 /* CoreGraphics.framework */ = {isa = PBXFileReference; lastKnownFileType = wrapper.framework; name = CoreGraphics.framework; path = System/Library/Frameworks/CoreGraphics.framework; sourceTree = SDKROOT; };
		1195D18217C25F5E00C4DA25 /* Omeotte-Info.plist */ = {isa = PBXFileReference; lastKnownFileType = text.plist.xml; path = "Omeotte-Info.plist"; sourceTree = "<group>"; };
		1195D18417C25F5E00C4DA25 /* en */ = {isa = PBXFileReference; lastKnownFileType = text.plist.strings; name = en; path = en.lproj/InfoPlist.strings; sourceTree = "<group>"; };
		1195D18617C25F5E00C4DA25 /* main.m */ = {isa = PBXFileReference; lastKnownFileType = sourcecode.c.objc; path = main.m; sourceTree = "<group>"; };
		1195D18817C25F5E00C4DA25 /* Omeotte-Prefix.pch */ = {isa = PBXFileReference; lastKnownFileType = sourcecode.c.h; path = "Omeotte-Prefix.pch"; sourceTree = "<group>"; };
		1195D18917C25F5E00C4DA25 /* AppDelegate.h */ = {isa = PBXFileReference; lastKnownFileType = sourcecode.c.h; path = AppDelegate.h; sourceTree = "<group>"; };
		1195D18A17C25F5E00C4DA25 /* AppDelegate.m */ = {isa = PBXFileReference; lastKnownFileType = sourcecode.c.objc; path = AppDelegate.m; sourceTree = "<group>"; };
		1195D18C17C25F5E00C4DA25 /* Default.png */ = {isa = PBXFileReference; lastKnownFileType = image.png; path = Default.png; sourceTree = "<group>"; };
		1195D18E17C25F5E00C4DA25 /* Default@2x.png */ = {isa = PBXFileReference; lastKnownFileType = image.png; path = "Default@2x.png"; sourceTree = "<group>"; };
		1195D19017C25F5E00C4DA25 /* Default-568h@2x.png */ = {isa = PBXFileReference; lastKnownFileType = image.png; path = "Default-568h@2x.png"; sourceTree = "<group>"; };
		1195D19717C25F5E00C4DA25 /* OmeotteTests.octest */ = {isa = PBXFileReference; explicitFileType = wrapper.cfbundle; includeInIndex = 0; path = OmeotteTests.octest; sourceTree = BUILT_PRODUCTS_DIR; };
		1195D19817C25F5E00C4DA25 /* SenTestingKit.framework */ = {isa = PBXFileReference; lastKnownFileType = wrapper.framework; name = SenTestingKit.framework; path = Library/Frameworks/SenTestingKit.framework; sourceTree = DEVELOPER_DIR; };
		1195D1A017C25F5E00C4DA25 /* OmeotteTests-Info.plist */ = {isa = PBXFileReference; lastKnownFileType = text.plist.xml; path = "OmeotteTests-Info.plist"; sourceTree = "<group>"; };
		1195D1A217C25F5F00C4DA25 /* en */ = {isa = PBXFileReference; lastKnownFileType = text.plist.strings; name = en; path = en.lproj/InfoPlist.strings; sourceTree = "<group>"; };
		1195D1A417C25F5F00C4DA25 /* OmeotteTests.h */ = {isa = PBXFileReference; lastKnownFileType = sourcecode.c.h; path = OmeotteTests.h; sourceTree = "<group>"; };
		1195D1A517C25F5F00C4DA25 /* OmeotteTests.m */ = {isa = PBXFileReference; lastKnownFileType = sourcecode.c.objc; path = OmeotteTests.m; sourceTree = "<group>"; };
/* End PBXFileReference section */

/* Begin PBXFrameworksBuildPhase section */
		1195D17417C25F5E00C4DA25 /* Frameworks */ = {
			isa = PBXFrameworksBuildPhase;
			buildActionMask = 2147483647;
			files = (
				1195D17B17C25F5E00C4DA25 /* UIKit.framework in Frameworks */,
				1195D17D17C25F5E00C4DA25 /* Foundation.framework in Frameworks */,
				1195D17F17C25F5E00C4DA25 /* CoreGraphics.framework in Frameworks */,
			);
			runOnlyForDeploymentPostprocessing = 0;
		};
		1195D19317C25F5E00C4DA25 /* Frameworks */ = {
			isa = PBXFrameworksBuildPhase;
			buildActionMask = 2147483647;
			files = (
				1195D19917C25F5E00C4DA25 /* SenTestingKit.framework in Frameworks */,
				1195D19A17C25F5E00C4DA25 /* UIKit.framework in Frameworks */,
				1195D19B17C25F5E00C4DA25 /* Foundation.framework in Frameworks */,
			);
			runOnlyForDeploymentPostprocessing = 0;
		};
/* End PBXFrameworksBuildPhase section */

/* Begin PBXGroup section */
		1195D16E17C25F5E00C4DA25 = {
			isa = PBXGroup;
			children = (
				1195D18017C25F5E00C4DA25 /* Omeotte */,
				1195D19E17C25F5E00C4DA25 /* OmeotteTests */,
				1195D17917C25F5E00C4DA25 /* Frameworks */,
				1195D17817C25F5E00C4DA25 /* Products */,
			);
			sourceTree = "<group>";
		};
		1195D17817C25F5E00C4DA25 /* Products */ = {
			isa = PBXGroup;
			children = (
				1195D17717C25F5E00C4DA25 /* Omeotte.app */,
				1195D19717C25F5E00C4DA25 /* OmeotteTests.octest */,
			);
			name = Products;
			sourceTree = "<group>";
		};
		1195D17917C25F5E00C4DA25 /* Frameworks */ = {
			isa = PBXGroup;
			children = (
				1195D17A17C25F5E00C4DA25 /* UIKit.framework */,
				1195D17C17C25F5E00C4DA25 /* Foundation.framework */,
				1195D17E17C25F5E00C4DA25 /* CoreGraphics.framework */,
				1195D19817C25F5E00C4DA25 /* SenTestingKit.framework */,
			);
			name = Frameworks;
			sourceTree = "<group>";
		};
		1195D18017C25F5E00C4DA25 /* Omeotte */ = {
			isa = PBXGroup;
			children = (
				1195D18917C25F5E00C4DA25 /* AppDelegate.h */,
				1195D18A17C25F5E00C4DA25 /* AppDelegate.m */,
				1195D18117C25F5E00C4DA25 /* Supporting Files */,
			);
			path = Omeotte;
			sourceTree = "<group>";
		};
		1195D18117C25F5E00C4DA25 /* Supporting Files */ = {
			isa = PBXGroup;
			children = (
				1195D18217C25F5E00C4DA25 /* Omeotte-Info.plist */,
				1195D18317C25F5E00C4DA25 /* InfoPlist.strings */,
				1195D18617C25F5E00C4DA25 /* main.m */,
				1195D18817C25F5E00C4DA25 /* Omeotte-Prefix.pch */,
				1195D18C17C25F5E00C4DA25 /* Default.png */,
				1195D18E17C25F5E00C4DA25 /* Default@2x.png */,
				1195D19017C25F5E00C4DA25 /* Default-568h@2x.png */,
			);
			name = "Supporting Files";
			sourceTree = "<group>";
		};
		1195D19E17C25F5E00C4DA25 /* OmeotteTests */ = {
			isa = PBXGroup;
			children = (
				1195D1A417C25F5F00C4DA25 /* OmeotteTests.h */,
				1195D1A517C25F5F00C4DA25 /* OmeotteTests.m */,
				1195D19F17C25F5E00C4DA25 /* Supporting Files */,
			);
			path = OmeotteTests;
			sourceTree = "<group>";
		};
		1195D19F17C25F5E00C4DA25 /* Supporting Files */ = {
			isa = PBXGroup;
			children = (
				1195D1A017C25F5E00C4DA25 /* OmeotteTests-Info.plist */,
				1195D1A117C25F5F00C4DA25 /* InfoPlist.strings */,
			);
			name = "Supporting Files";
			sourceTree = "<group>";
		};
/* End PBXGroup section */

/* Begin PBXNativeTarget section */
		1195D17617C25F5E00C4DA25 /* Omeotte */ = {
			isa = PBXNativeTarget;
			buildConfigurationList = 1195D1A917C25F5F00C4DA25 /* Build configuration list for PBXNativeTarget "Omeotte" */;
			buildPhases = (
				1195D17317C25F5E00C4DA25 /* Sources */,
				1195D17417C25F5E00C4DA25 /* Frameworks */,
				1195D17517C25F5E00C4DA25 /* Resources */,
			);
			buildRules = (
			);
			dependencies = (
			);
			name = Omeotte;
			productName = Omeotte;
			productReference = 1195D17717C25F5E00C4DA25 /* Omeotte.app */;
			productType = "com.apple.product-type.application";
		};
		1195D19617C25F5E00C4DA25 /* OmeotteTests */ = {
			isa = PBXNativeTarget;
			buildConfigurationList = 1195D1AC17C25F5F00C4DA25 /* Build configuration list for PBXNativeTarget "OmeotteTests" */;
			buildPhases = (
				1195D19217C25F5E00C4DA25 /* Sources */,
				1195D19317C25F5E00C4DA25 /* Frameworks */,
				1195D19417C25F5E00C4DA25 /* Resources */,
				1195D19517C25F5E00C4DA25 /* ShellScript */,
			);
			buildRules = (
			);
			dependencies = (
				1195D19D17C25F5E00C4DA25 /* PBXTargetDependency */,
			);
			name = OmeotteTests;
			productName = OmeotteTests;
			productReference = 1195D19717C25F5E00C4DA25 /* OmeotteTests.octest */;
			productType = "com.apple.product-type.bundle";
		};
/* End PBXNativeTarget section */

/* Begin PBXProject section */
		1195D16F17C25F5E00C4DA25 /* Project object */ = {
			isa = PBXProject;
			attributes = {
				LastUpgradeCheck = 0460;
				ORGANIZATIONNAME = "JJJ Software";
			};
			buildConfigurationList = 1195D17217C25F5E00C4DA25 /* Build configuration list for PBXProject "Omeotte" */;
			compatibilityVersion = "Xcode 3.2";
			developmentRegion = English;
			hasScannedForEncodings = 0;
			knownRegions = (
				en,
			);
			mainGroup = 1195D16E17C25F5E00C4DA25;
			productRefGroup = 1195D17817C25F5E00C4DA25 /* Products */;
			projectDirPath = "";
			projectRoot = "";
			targets = (
				1195D17617C25F5E00C4DA25 /* Omeotte */,
				1195D19617C25F5E00C4DA25 /* OmeotteTests */,
			);
		};
/* End PBXProject section */

/* Begin PBXResourcesBuildPhase section */
		1195D17517C25F5E00C4DA25 /* Resources */ = {
			isa = PBXResourcesBuildPhase;
			buildActionMask = 2147483647;
			files = (
				1195D18517C25F5E00C4DA25 /* InfoPlist.strings in Resources */,
				1195D18D17C25F5E00C4DA25 /* Default.png in Resources */,
				1195D18F17C25F5E00C4DA25 /* Default@2x.png in Resources */,
				1195D19117C25F5E00C4DA25 /* Default-568h@2x.png in Resources */,
			);
			runOnlyForDeploymentPostprocessing = 0;
		};
		1195D19417C25F5E00C4DA25 /* Resources */ = {
			isa = PBXResourcesBuildPhase;
			buildActionMask = 2147483647;
			files = (
				1195D1A317C25F5F00C4DA25 /* InfoPlist.strings in Resources */,
			);
			runOnlyForDeploymentPostprocessing = 0;
		};
/* End PBXResourcesBuildPhase section */

/* Begin PBXShellScriptBuildPhase section */
		1195D19517C25F5E00C4DA25 /* ShellScript */ = {
			isa = PBXShellScriptBuildPhase;
			buildActionMask = 2147483647;
			files = (
			);
			inputPaths = (
			);
			outputPaths = (
			);
			runOnlyForDeploymentPostprocessing = 0;
			shellPath = /bin/sh;
			shellScript = "# Run the unit tests in this test bundle.\n\"${SYSTEM_DEVELOPER_DIR}/Tools/RunUnitTests\"\n";
		};
/* End PBXShellScriptBuildPhase section */

/* Begin PBXSourcesBuildPhase section */
		1195D17317C25F5E00C4DA25 /* Sources */ = {
			isa = PBXSourcesBuildPhase;
			buildActionMask = 2147483647;
			files = (
				1195D18717C25F5E00C4DA25 /* main.m in Sources */,
				1195D18B17C25F5E00C4DA25 /* AppDelegate.m in Sources */,
			);
			runOnlyForDeploymentPostprocessing = 0;
		};
		1195D19217C25F5E00C4DA25 /* Sources */ = {
			isa = PBXSourcesBuildPhase;
			buildActionMask = 2147483647;
			files = (
				1195D1A617C25F5F00C4DA25 /* OmeotteTests.m in Sources */,
			);
			runOnlyForDeploymentPostprocessing = 0;
		};
/* End PBXSourcesBuildPhase section */

/* Begin PBXTargetDependency section */
		1195D19D17C25F5E00C4DA25 /* PBXTargetDependency */ = {
			isa = PBXTargetDependency;
			target = 1195D17617C25F5E00C4DA25 /* Omeotte */;
			targetProxy = 1195D19C17C25F5E00C4DA25 /* PBXContainerItemProxy */;
		};
/* End PBXTargetDependency section */

/* Begin PBXVariantGroup section */
		1195D18317C25F5E00C4DA25 /* InfoPlist.strings */ = {
			isa = PBXVariantGroup;
			children = (
				1195D18417C25F5E00C4DA25 /* en */,
			);
			name = InfoPlist.strings;
			sourceTree = "<group>";
		};
		1195D1A117C25F5F00C4DA25 /* InfoPlist.strings */ = {
			isa = PBXVariantGroup;
			children = (
				1195D1A217C25F5F00C4DA25 /* en */,
			);
			name = InfoPlist.strings;
			sourceTree = "<group>";
		};
/* End PBXVariantGroup section */

/* Begin XCBuildConfiguration section */
		1195D1A717C25F5F00C4DA25 /* Debug */ = {
			isa = XCBuildConfiguration;
			buildSettings = {
				ALWAYS_SEARCH_USER_PATHS = NO;
				CLANG_CXX_LANGUAGE_STANDARD = "gnu++0x";
				CLANG_CXX_LIBRARY = "libc++";
				CLANG_WARN_CONSTANT_CONVERSION = YES;
				CLANG_WARN_EMPTY_BODY = YES;
				CLANG_WARN_ENUM_CONVERSION = YES;
				CLANG_WARN_INT_CONVERSION = YES;
				CLANG_WARN__DUPLICATE_METHOD_MATCH = YES;
				"CODE_SIGN_IDENTITY[sdk=iphoneos*]" = "iPhone Developer";
				COPY_PHASE_STRIP = NO;
				GCC_C_LANGUAGE_STANDARD = gnu99;
				GCC_DYNAMIC_NO_PIC = NO;
				GCC_OPTIMIZATION_LEVEL = 0;
				GCC_PREPROCESSOR_DEFINITIONS = (
					"DEBUG=1",
					"$(inherited)",
				);
				GCC_SYMBOLS_PRIVATE_EXTERN = NO;
				GCC_WARN_ABOUT_RETURN_TYPE = YES;
				GCC_WARN_UNINITIALIZED_AUTOS = YES;
				GCC_WARN_UNUSED_VARIABLE = YES;
				IPHONEOS_DEPLOYMENT_TARGET = 6.1;
				ONLY_ACTIVE_ARCH = YES;
				SDKROOT = iphoneos;
				TARGETED_DEVICE_FAMILY = "1,2";
			};
			name = Debug;
		};
		1195D1A817C25F5F00C4DA25 /* Release */ = {
			isa = XCBuildConfiguration;
			buildSettings = {
				ALWAYS_SEARCH_USER_PATHS = NO;
				CLANG_CXX_LANGUAGE_STANDARD = "gnu++0x";
				CLANG_CXX_LIBRARY = "libc++";
				CLANG_WARN_CONSTANT_CONVERSION = YES;
				CLANG_WARN_EMPTY_BODY = YES;
				CLANG_WARN_ENUM_CONVERSION = YES;
				CLANG_WARN_INT_CONVERSION = YES;
				CLANG_WARN__DUPLICATE_METHOD_MATCH = YES;
				"CODE_SIGN_IDENTITY[sdk=iphoneos*]" = "iPhone Developer";
				COPY_PHASE_STRIP = YES;
				GCC_C_LANGUAGE_STANDARD = gnu99;
				GCC_WARN_ABOUT_RETURN_TYPE = YES;
				GCC_WARN_UNINITIALIZED_AUTOS = YES;
				GCC_WARN_UNUSED_VARIABLE = YES;
				IPHONEOS_DEPLOYMENT_TARGET = 6.1;
				OTHER_CFLAGS = "-DNS_BLOCK_ASSERTIONS=1";
				SDKROOT = iphoneos;
				TARGETED_DEVICE_FAMILY = "1,2";
				VALIDATE_PRODUCT = YES;
			};
			name = Release;
		};
		1195D1AA17C25F5F00C4DA25 /* Debug */ = {
			isa = XCBuildConfiguration;
			buildSettings = {
				GCC_PRECOMPILE_PREFIX_HEADER = YES;
				GCC_PREFIX_HEADER = "Omeotte/Omeotte-Prefix.pch";
				INFOPLIST_FILE = "Omeotte/Omeotte-Info.plist";
				PRODUCT_NAME = "$(TARGET_NAME)";
				WRAPPER_EXTENSION = app;
			};
			name = Debug;
		};
		1195D1AB17C25F5F00C4DA25 /* Release */ = {
			isa = XCBuildConfiguration;
			buildSettings = {
				GCC_PRECOMPILE_PREFIX_HEADER = YES;
				GCC_PREFIX_HEADER = "Omeotte/Omeotte-Prefix.pch";
				INFOPLIST_FILE = "Omeotte/Omeotte-Info.plist";
				PRODUCT_NAME = "$(TARGET_NAME)";
				WRAPPER_EXTENSION = app;
			};
			name = Release;
		};
		1195D1AD17C25F5F00C4DA25 /* Debug */ = {
			isa = XCBuildConfiguration;
			buildSettings = {
				BUNDLE_LOADER = "$(BUILT_PRODUCTS_DIR)/Omeotte.app/Omeotte";
				FRAMEWORK_SEARCH_PATHS = (
					"\"$(SDKROOT)/Developer/Library/Frameworks\"",
					"\"$(DEVELOPER_LIBRARY_DIR)/Frameworks\"",
				);
				GCC_PRECOMPILE_PREFIX_HEADER = YES;
				GCC_PREFIX_HEADER = "Omeotte/Omeotte-Prefix.pch";
				INFOPLIST_FILE = "OmeotteTests/OmeotteTests-Info.plist";
				PRODUCT_NAME = "$(TARGET_NAME)";
				TEST_HOST = "$(BUNDLE_LOADER)";
				WRAPPER_EXTENSION = octest;
			};
			name = Debug;
		};
		1195D1AE17C25F5F00C4DA25 /* Release */ = {
			isa = XCBuildConfiguration;
			buildSettings = {
				BUNDLE_LOADER = "$(BUILT_PRODUCTS_DIR)/Omeotte.app/Omeotte";
				FRAMEWORK_SEARCH_PATHS = (
					"\"$(SDKROOT)/Developer/Library/Frameworks\"",
					"\"$(DEVELOPER_LIBRARY_DIR)/Frameworks\"",
				);
				GCC_PRECOMPILE_PREFIX_HEADER = YES;
				GCC_PREFIX_HEADER = "Omeotte/Omeotte-Prefix.pch";
				INFOPLIST_FILE = "OmeotteTests/OmeotteTests-Info.plist";
				PRODUCT_NAME = "$(TARGET_NAME)";
				TEST_HOST = "$(BUNDLE_LOADER)";
				WRAPPER_EXTENSION = octest;
			};
			name = Release;
		};
/* End XCBuildConfiguration section */

/* Begin XCConfigurationList section */
		1195D17217C25F5E00C4DA25 /* Build configuration list for PBXProject "Omeotte" */ = {
			isa = XCConfigurationList;
			buildConfigurations = (
				1195D1A717C25F5F00C4DA25 /* Debug */,
				1195D1A817C25F5F00C4DA25 /* Release */,
			);
			defaultConfigurationIsVisible = 0;
			defaultConfigurationName = Release;
		};
		1195D1A917C25F5F00C4DA25 /* Build configuration list for PBXNativeTarget "Omeotte" */ = {
			isa = XCConfigurationList;
			buildConfigurations = (
				1195D1AA17C25F5F00C4DA25 /* Debug */,
				1195D1AB17C25F5F00C4DA25 /* Release */,
			);
			defaultConfigurationIsVisible = 0;
		};
		1195D1AC17C25F5F00C4DA25 /* Build configuration list for PBXNativeTarget "OmeotteTests" */ = {
			isa = XCConfigurationList;
			buildConfigurations = (
				1195D1AD17C25F5F00C4DA25 /* Debug */,
				1195D1AE17C25F5F00C4DA25 /* Release */,
			);
			defaultConfigurationIsVisible = 0;
		};
/* End XCConfigurationList section */
	};
	rootObject = 1195D16F17C25F5E00C4DA25 /* Project object */;
}
